
Microsoft Visual Studio Solution File, Format Version 12.00
# Visual Studio Version 16
VisualStudioVersion = 16.0.30114.105
MinimumVisualStudioVersion = 10.0.40219.1
Project("{2150E333-8FDC-42A3-9474-1A3956D46DE8}") = "Develop", "Develop", "{FB3BB8EB-E82B-417B-8955-336E8ACBE5E4}"
EndProject
Project("{FAE04EC0-301F-11D3-BF4B-00C04F79EFBC}") = "Meli.Host.Api", "Develop\Meli.Host.Api\Meli.Host.Api.csproj", "{9FC14FA3-0DDE-4F19-9049-E459B7F23990}"
EndProject
Project("{FAE04EC0-301F-11D3-BF4B-00C04F79EFBC}") = "Meli.DataAccess", "Develop\Meli.DataAccess\Meli.DataAccess.csproj", "{0C0CDDD7-7F8D-469D-AFFA-196D828C0B84}"
EndProject
Project("{FAE04EC0-301F-11D3-BF4B-00C04F79EFBC}") = "Meli.Entities", "Develop\Meli.Entities\Meli.Entities.csproj", "{86D2A57D-4864-4749-9140-CE511B732F56}"
EndProject
Project("{FAE04EC0-301F-11D3-BF4B-00C04F79EFBC}") = "Meli.Processor", "Develop\Meli.Processor\Meli.Processor.csproj", "{570B1D69-E2BC-4CD4-BFAF-1B8CAA2DB0E3}"
EndProject
Global
	GlobalSection(SolutionConfigurationPlatforms) = preSolution
		Debug|Any CPU = Debug|Any CPU
		Release|Any CPU = Release|Any CPU
	EndGlobalSection
	GlobalSection(SolutionProperties) = preSolution
		HideSolutionNode = FALSE
	EndGlobalSection
	GlobalSection(ProjectConfigurationPlatforms) = postSolution
		{9FC14FA3-0DDE-4F19-9049-E459B7F23990}.Debug|Any CPU.ActiveCfg = Debug|Any CPU
		{9FC14FA3-0DDE-4F19-9049-E459B7F23990}.Debug|Any CPU.Build.0 = Debug|Any CPU
		{9FC14FA3-0DDE-4F19-9049-E459B7F23990}.Release|Any CPU.ActiveCfg = Release|Any CPU
		{9FC14FA3-0DDE-4F19-9049-E459B7F23990}.Release|Any CPU.Build.0 = Release|Any CPU
		{0C0CDDD7-7F8D-469D-AFFA-196D828C0B84}.Debug|Any CPU.ActiveCfg = Debug|Any CPU
		{0C0CDDD7-7F8D-469D-AFFA-196D828C0B84}.Debug|Any CPU.Build.0 = Debug|Any CPU
		{0C0CDDD7-7F8D-469D-AFFA-196D828C0B84}.Release|Any CPU.ActiveCfg = Release|Any CPU
		{0C0CDDD7-7F8D-469D-AFFA-196D828C0B84}.Release|Any CPU.Build.0 = Release|Any CPU
		{86D2A57D-4864-4749-9140-CE511B732F56}.Debug|Any CPU.ActiveCfg = Debug|Any CPU
		{86D2A57D-4864-4749-9140-CE511B732F56}.Debug|Any CPU.Build.0 = Debug|Any CPU
		{86D2A57D-4864-4749-9140-CE511B732F56}.Release|Any CPU.ActiveCfg = Release|Any CPU
		{86D2A57D-4864-4749-9140-CE511B732F56}.Release|Any CPU.Build.0 = Release|Any CPU
		{570B1D69-E2BC-4CD4-BFAF-1B8CAA2DB0E3}.Debug|Any CPU.ActiveCfg = Debug|Any CPU
		{570B1D69-E2BC-4CD4-BFAF-1B8CAA2DB0E3}.Debug|Any CPU.Build.0 = Debug|Any CPU
		{570B1D69-E2BC-4CD4-BFAF-1B8CAA2DB0E3}.Release|Any CPU.ActiveCfg = Release|Any CPU
		{570B1D69-E2BC-4CD4-BFAF-1B8CAA2DB0E3}.Release|Any CPU.Build.0 = Release|Any CPU
	EndGlobalSection
	GlobalSection(NestedProjects) = preSolution
		{9FC14FA3-0DDE-4F19-9049-E459B7F23990} = {FB3BB8EB-E82B-417B-8955-336E8ACBE5E4}
		{0C0CDDD7-7F8D-469D-AFFA-196D828C0B84} = {FB3BB8EB-E82B-417B-8955-336E8ACBE5E4}
		{86D2A57D-4864-4749-9140-CE511B732F56} = {FB3BB8EB-E82B-417B-8955-336E8ACBE5E4}
		{570B1D69-E2BC-4CD4-BFAF-1B8CAA2DB0E3} = {FB3BB8EB-E82B-417B-8955-336E8ACBE5E4}
	EndGlobalSection
EndGlobal
