
Microsoft Visual Studio Solution File, Format Version 12.00
# Visual Studio Version 16
VisualStudioVersion = 16.0.30114.105
MinimumVisualStudioVersion = 10.0.40219.1
Project("{2150E333-8FDC-42A3-9474-1A3956D46DE8}") = "Develop", "Develop", "{FB3BB8EB-E82B-417B-8955-336E8ACBE5E4}"
EndProject
Project("{FAE04EC0-301F-11D3-BF4B-00C04F79EFBC}") = "Meli.Host.Api", "Develop\Meli.Host.Api\Meli.Host.Api.csproj", "{9FC14FA3-0DDE-4F19-9049-E459B7F23990}"
EndProject
Project("{FAE04EC0-301F-11D3-BF4B-00C04F79EFBC}") = "Meli.Processor", "Develop\Meli.Processor\Meli.Processor.csproj", "{570B1D69-E2BC-4CD4-BFAF-1B8CAA2DB0E3}"
EndProject
Project("{2150E333-8FDC-42A3-9474-1A3956D46DE8}") = "Test", "Test", "{6FE32FD6-E89A-412B-93C1-DC6C95C154F5}"
EndProject
Project("{FAE04EC0-301F-11D3-BF4B-00C04F79EFBC}") = "Meli.Proxies", "Develop\Meli.Proxies\Meli.Proxies.csproj", "{E6B6EC7C-FB81-410A-BC72-3924957E8FFC}"
EndProject
Project("{FAE04EC0-301F-11D3-BF4B-00C04F79EFBC}") = "Meli.Entities", "Develop\Meli.Entities\Meli.Entities.csproj", "{337EE726-DF1C-482A-995D-22164E8107BA}"
EndProject
Project("{FAE04EC0-301F-11D3-BF4B-00C04F79EFBC}") = "Meli.DataAccess", "Develop\Meli.DataAccess\Meli.DataAccess.csproj", "{6E7BD2FD-185C-494F-864F-B2C86F80602D}"
EndProject
Project("{FAE04EC0-301F-11D3-BF4B-00C04F79EFBC}") = "Meli.Repository", "Develop\Meli.Repository\Meli.Repository.csproj", "{5859BA60-083F-46DA-B97F-1B90A60F02C4}"
EndProject
Project("{FAE04EC0-301F-11D3-BF4B-00C04F79EFBC}") = "Meli.Core", "Develop\Meli.Core\Meli.Core.csproj", "{8D3A0A60-0F96-48B7-A07C-F78CD332DAAA}"
EndProject
Project("{FAE04EC0-301F-11D3-BF4B-00C04F79EFBC}") = "UnitTest", "Develop\Test\UnitTest\UnitTest.csproj", "{B087EC79-A2E2-42CD-AEC8-29CC605AD2BF}"
EndProject
Global
	GlobalSection(SolutionConfigurationPlatforms) = preSolution
		Debug|Any CPU = Debug|Any CPU
		Release|Any CPU = Release|Any CPU
	EndGlobalSection
	GlobalSection(SolutionProperties) = preSolution
		HideSolutionNode = FALSE
	EndGlobalSection
	GlobalSection(ProjectConfigurationPlatforms) = postSolution
		{9FC14FA3-0DDE-4F19-9049-E459B7F23990}.Debug|Any CPU.ActiveCfg = Debug|Any CPU
		{9FC14FA3-0DDE-4F19-9049-E459B7F23990}.Debug|Any CPU.Build.0 = Debug|Any CPU
		{9FC14FA3-0DDE-4F19-9049-E459B7F23990}.Release|Any CPU.ActiveCfg = Release|Any CPU
		{9FC14FA3-0DDE-4F19-9049-E459B7F23990}.Release|Any CPU.Build.0 = Release|Any CPU
		{570B1D69-E2BC-4CD4-BFAF-1B8CAA2DB0E3}.Debug|Any CPU.ActiveCfg = Debug|Any CPU
		{570B1D69-E2BC-4CD4-BFAF-1B8CAA2DB0E3}.Debug|Any CPU.Build.0 = Debug|Any CPU
		{570B1D69-E2BC-4CD4-BFAF-1B8CAA2DB0E3}.Release|Any CPU.ActiveCfg = Release|Any CPU
		{570B1D69-E2BC-4CD4-BFAF-1B8CAA2DB0E3}.Release|Any CPU.Build.0 = Release|Any CPU
		{E6B6EC7C-FB81-410A-BC72-3924957E8FFC}.Debug|Any CPU.ActiveCfg = Debug|Any CPU
		{E6B6EC7C-FB81-410A-BC72-3924957E8FFC}.Debug|Any CPU.Build.0 = Debug|Any CPU
		{E6B6EC7C-FB81-410A-BC72-3924957E8FFC}.Release|Any CPU.ActiveCfg = Release|Any CPU
		{E6B6EC7C-FB81-410A-BC72-3924957E8FFC}.Release|Any CPU.Build.0 = Release|Any CPU
		{337EE726-DF1C-482A-995D-22164E8107BA}.Debug|Any CPU.ActiveCfg = Debug|Any CPU
		{337EE726-DF1C-482A-995D-22164E8107BA}.Debug|Any CPU.Build.0 = Debug|Any CPU
		{337EE726-DF1C-482A-995D-22164E8107BA}.Release|Any CPU.ActiveCfg = Release|Any CPU
		{337EE726-DF1C-482A-995D-22164E8107BA}.Release|Any CPU.Build.0 = Release|Any CPU
		{6E7BD2FD-185C-494F-864F-B2C86F80602D}.Debug|Any CPU.ActiveCfg = Debug|Any CPU
		{6E7BD2FD-185C-494F-864F-B2C86F80602D}.Debug|Any CPU.Build.0 = Debug|Any CPU
		{6E7BD2FD-185C-494F-864F-B2C86F80602D}.Release|Any CPU.ActiveCfg = Release|Any CPU
		{6E7BD2FD-185C-494F-864F-B2C86F80602D}.Release|Any CPU.Build.0 = Release|Any CPU
		{5859BA60-083F-46DA-B97F-1B90A60F02C4}.Debug|Any CPU.ActiveCfg = Debug|Any CPU
		{5859BA60-083F-46DA-B97F-1B90A60F02C4}.Debug|Any CPU.Build.0 = Debug|Any CPU
		{5859BA60-083F-46DA-B97F-1B90A60F02C4}.Release|Any CPU.ActiveCfg = Release|Any CPU
		{5859BA60-083F-46DA-B97F-1B90A60F02C4}.Release|Any CPU.Build.0 = Release|Any CPU
		{DB341ADD-713A-4786-890C-E277BC471382}.Debug|Any CPU.ActiveCfg = Debug|Any CPU
		{DB341ADD-713A-4786-890C-E277BC471382}.Debug|Any CPU.Build.0 = Debug|Any CPU
		{DB341ADD-713A-4786-890C-E277BC471382}.Release|Any CPU.ActiveCfg = Release|Any CPU
		{DB341ADD-713A-4786-890C-E277BC471382}.Release|Any CPU.Build.0 = Release|Any CPU
		{8D3A0A60-0F96-48B7-A07C-F78CD332DAAA}.Debug|Any CPU.ActiveCfg = Debug|Any CPU
		{8D3A0A60-0F96-48B7-A07C-F78CD332DAAA}.Debug|Any CPU.Build.0 = Debug|Any CPU
		{8D3A0A60-0F96-48B7-A07C-F78CD332DAAA}.Release|Any CPU.ActiveCfg = Release|Any CPU
		{8D3A0A60-0F96-48B7-A07C-F78CD332DAAA}.Release|Any CPU.Build.0 = Release|Any CPU
		{B087EC79-A2E2-42CD-AEC8-29CC605AD2BF}.Debug|Any CPU.ActiveCfg = Debug|Any CPU
		{B087EC79-A2E2-42CD-AEC8-29CC605AD2BF}.Debug|Any CPU.Build.0 = Debug|Any CPU
		{B087EC79-A2E2-42CD-AEC8-29CC605AD2BF}.Release|Any CPU.ActiveCfg = Release|Any CPU
		{B087EC79-A2E2-42CD-AEC8-29CC605AD2BF}.Release|Any CPU.Build.0 = Release|Any CPU
	EndGlobalSection
	GlobalSection(NestedProjects) = preSolution
		{9FC14FA3-0DDE-4F19-9049-E459B7F23990} = {FB3BB8EB-E82B-417B-8955-336E8ACBE5E4}
		{570B1D69-E2BC-4CD4-BFAF-1B8CAA2DB0E3} = {FB3BB8EB-E82B-417B-8955-336E8ACBE5E4}
		{6FE32FD6-E89A-412B-93C1-DC6C95C154F5} = {FB3BB8EB-E82B-417B-8955-336E8ACBE5E4}
		{E6B6EC7C-FB81-410A-BC72-3924957E8FFC} = {FB3BB8EB-E82B-417B-8955-336E8ACBE5E4}
		{337EE726-DF1C-482A-995D-22164E8107BA} = {FB3BB8EB-E82B-417B-8955-336E8ACBE5E4}
		{6E7BD2FD-185C-494F-864F-B2C86F80602D} = {FB3BB8EB-E82B-417B-8955-336E8ACBE5E4}
		{5859BA60-083F-46DA-B97F-1B90A60F02C4} = {FB3BB8EB-E82B-417B-8955-336E8ACBE5E4}
		{DB341ADD-713A-4786-890C-E277BC471382} = {FB3BB8EB-E82B-417B-8955-336E8ACBE5E4}
		{8D3A0A60-0F96-48B7-A07C-F78CD332DAAA} = {FB3BB8EB-E82B-417B-8955-336E8ACBE5E4}
		{B087EC79-A2E2-42CD-AEC8-29CC605AD2BF} = {6FE32FD6-E89A-412B-93C1-DC6C95C154F5}
	EndGlobalSection
EndGlobal
